
Microsoft Visual Studio Solution File, Format Version 12.00
# Visual Studio Version 17
VisualStudioVersion = 17.13.35825.156 d17.13
MinimumVisualStudioVersion = 10.0.40219.1
Project("{FAE04EC0-301F-11D3-BF4B-00C04F79EFBC}") = "7.FunctionsAndExceptionHandling", "7.FunctionsAndExceptionHandling.csproj", "{5D561B58-1CE1-442F-B929-72C1588F2D8E}"
EndProject
Global
	GlobalSection(SolutionConfigurationPlatforms) = preSolution
		Debug|Any CPU = Debug|Any CPU
		Release|Any CPU = Release|Any CPU
	EndGlobalSection
	GlobalSection(ProjectConfigurationPlatforms) = postSolution
		{5D561B58-1CE1-442F-B929-72C1588F2D8E}.Debug|Any CPU.ActiveCfg = Debug|Any CPU
		{5D561B58-1CE1-442F-B929-72C1588F2D8E}.Debug|Any CPU.Build.0 = Debug|Any CPU
		{5D561B58-1CE1-442F-B929-72C1588F2D8E}.Release|Any CPU.ActiveCfg = Release|Any CPU
		{5D561B58-1CE1-442F-B929-72C1588F2D8E}.Release|Any CPU.Build.0 = Release|Any CPU
	EndGlobalSection
	GlobalSection(SolutionProperties) = preSolution
		HideSolutionNode = FALSE
	EndGlobalSection
	GlobalSection(ExtensibilityGlobals) = postSolution
		SolutionGuid = {530B0482-3DAC-48ED-8A65-B119BACD8BF8}
	EndGlobalSection
EndGlobal
